
Microsoft Visual Studio Solution File, Format Version 12.00
# Visual Studio Version 16
VisualStudioVersion = 16.0.29123.88
MinimumVisualStudioVersion = 10.0.40219.1
Project("{FAE04EC0-301F-11D3-BF4B-00C04F79EFBC}") = "Exercises", "Exercises.csproj", "{CCA4370C-ECA7-4D82-9EC2-2EB5EFD4935E}"
EndProject
Global
	GlobalSection(SolutionConfigurationPlatforms) = preSolution
		Debug|Any CPU = Debug|Any CPU
		Release|Any CPU = Release|Any CPU
	EndGlobalSection
	GlobalSection(ProjectConfigurationPlatforms) = postSolution
		{CCA4370C-ECA7-4D82-9EC2-2EB5EFD4935E}.Debug|Any CPU.ActiveCfg = Debug|Any CPU
		{CCA4370C-ECA7-4D82-9EC2-2EB5EFD4935E}.Debug|Any CPU.Build.0 = Debug|Any CPU
		{CCA4370C-ECA7-4D82-9EC2-2EB5EFD4935E}.Release|Any CPU.ActiveCfg = Release|Any CPU
		{CCA4370C-ECA7-4D82-9EC2-2EB5EFD4935E}.Release|Any CPU.Build.0 = Release|Any CPU
	EndGlobalSection
	GlobalSection(SolutionProperties) = preSolution
		HideSolutionNode = FALSE
	EndGlobalSection
	GlobalSection(ExtensibilityGlobals) = postSolution
		SolutionGuid = {D27BB374-A0B3-4475-8CE0-6929BFB19E25}
	EndGlobalSection
EndGlobal
